
Microsoft Visual Studio Solution File, Format Version 12.00
# Visual Studio Version 17
VisualStudioVersion = 17.5.33530.505
MinimumVisualStudioVersion = 10.0.40219.1
Project("{FAE04EC0-301F-11D3-BF4B-00C04F79EFBC}") = "planirvshik", "planirvshik.csproj", "{062B2237-83A6-4AD1-8CEE-F700027FE52E}"
EndProject
Global
	GlobalSection(SolutionConfigurationPlatforms) = preSolution
		Debug|Any CPU = Debug|Any CPU
		Release|Any CPU = Release|Any CPU
	EndGlobalSection
	GlobalSection(ProjectConfigurationPlatforms) = postSolution
		{062B2237-83A6-4AD1-8CEE-F700027FE52E}.Debug|Any CPU.ActiveCfg = Debug|Any CPU
		{062B2237-83A6-4AD1-8CEE-F700027FE52E}.Debug|Any CPU.Build.0 = Debug|Any CPU
		{062B2237-83A6-4AD1-8CEE-F700027FE52E}.Release|Any CPU.ActiveCfg = Release|Any CPU
		{062B2237-83A6-4AD1-8CEE-F700027FE52E}.Release|Any CPU.Build.0 = Release|Any CPU
	EndGlobalSection
	GlobalSection(SolutionProperties) = preSolution
		HideSolutionNode = FALSE
	EndGlobalSection
	GlobalSection(ExtensibilityGlobals) = postSolution
		SolutionGuid = {62CF127C-92E8-4A91-8832-F85487BB37BB}
	EndGlobalSection
EndGlobal
